// !$*UTF8*$!
{
	archiveVersion = 1;
	classes = {
	};
	objectVersion = 48;
	objects = {

/* Begin PBXBuildFile section */
		91ABD6CA0A73E70B6FF22849 /* Pods_CopyPodcasts.framework in Frameworks */ = {isa = PBXBuildFile; fileRef = 6233C1310F9BB99FAB8545C8 /* Pods_CopyPodcasts.framework */; };
		EF52F09520994CF800506E26 /* FavoritesController.swift in Sources */ = {isa = PBXBuildFile; fileRef = EF52F09420994CF800506E26 /* FavoritesController.swift */; };
		EF52F097209971B500506E26 /* FavoritePodcastCell.swift in Sources */ = {isa = PBXBuildFile; fileRef = EF52F096209971B500506E26 /* FavoritePodcastCell.swift */; };
		EF52F099209B7EDF00506E26 /* UserDefaults.swift in Sources */ = {isa = PBXBuildFile; fileRef = EF52F098209B7EDF00506E26 /* UserDefaults.swift */; };
		EF52F25020450B1C00998D0F /* AppDelegate.swift in Sources */ = {isa = PBXBuildFile; fileRef = EF52F24F20450B1C00998D0F /* AppDelegate.swift */; };
		EF52F25220450B1C00998D0F /* ViewController.swift in Sources */ = {isa = PBXBuildFile; fileRef = EF52F25120450B1C00998D0F /* ViewController.swift */; };
		EF52F25520450B1C00998D0F /* Main.storyboard in Resources */ = {isa = PBXBuildFile; fileRef = EF52F25320450B1C00998D0F /* Main.storyboard */; };
		EF52F25720450B1C00998D0F /* Assets.xcassets in Resources */ = {isa = PBXBuildFile; fileRef = EF52F25620450B1C00998D0F /* Assets.xcassets */; };
		EF52F25A20450B1C00998D0F /* LaunchScreen.storyboard in Resources */ = {isa = PBXBuildFile; fileRef = EF52F25820450B1C00998D0F /* LaunchScreen.storyboard */; };
		EF52F26220450DD200998D0F /* MainTabBarController.swift in Sources */ = {isa = PBXBuildFile; fileRef = EF52F26120450DD200998D0F /* MainTabBarController.swift */; };
		EF52F2652045219700998D0F /* PodcastsSearchController.swift in Sources */ = {isa = PBXBuildFile; fileRef = EF52F2642045219700998D0F /* PodcastsSearchController.swift */; };
		EF52F2682045227400998D0F /* Podcast.swift in Sources */ = {isa = PBXBuildFile; fileRef = EF52F2672045227400998D0F /* Podcast.swift */; };
		EF52F26F204543DD00998D0F /* APIService.swift in Sources */ = {isa = PBXBuildFile; fileRef = EF52F26E204543DD00998D0F /* APIService.swift */; };
		EF52F27220454A0100998D0F /* PodcastCell.xib in Resources */ = {isa = PBXBuildFile; fileRef = EF52F27120454A0100998D0F /* PodcastCell.xib */; };
		EF52F27420454E6600998D0F /* PodcastCell.swift in Sources */ = {isa = PBXBuildFile; fileRef = EF52F27320454E6600998D0F /* PodcastCell.swift */; };
		EF52F2AB2053F72500998D0F /* EpisodesController.swift in Sources */ = {isa = PBXBuildFile; fileRef = EF52F2AA2053F72500998D0F /* EpisodesController.swift */; };
		EF52F2AF20549D9C00998D0F /* Episode.swift in Sources */ = {isa = PBXBuildFile; fileRef = EF52F2AE20549D9C00998D0F /* Episode.swift */; };
		EF52F2B220549E4100998D0F /* EpisodeCell.swift in Sources */ = {isa = PBXBuildFile; fileRef = EF52F2B020549E4100998D0F /* EpisodeCell.swift */; };
		EF52F2B320549E4100998D0F /* EpisodeCell.xib in Resources */ = {isa = PBXBuildFile; fileRef = EF52F2B120549E4100998D0F /* EpisodeCell.xib */; };
		EF52F2B62054C0F300998D0F /* String+.swift in Sources */ = {isa = PBXBuildFile; fileRef = EF52F2B52054C0F300998D0F /* String+.swift */; };
		EF52F2B82054C24600998D0F /* RSSFeed+.swift in Sources */ = {isa = PBXBuildFile; fileRef = EF52F2B72054C24600998D0F /* RSSFeed+.swift */; };
		EF75A6B0205A8EF100C8ED87 /* PlayerDetailView.xib in Resources */ = {isa = PBXBuildFile; fileRef = EF75A6AF205A8EF100C8ED87 /* PlayerDetailView.xib */; };
		EF75A6B2205A911700C8ED87 /* PlayerDetailView.swift in Sources */ = {isa = PBXBuildFile; fileRef = EF75A6B1205A911700C8ED87 /* PlayerDetailView.swift */; };
		EF7972AB20A03472005F3C5C /* DownloadsController.swift in Sources */ = {isa = PBXBuildFile; fileRef = EF7972AA20A03472005F3C5C /* DownloadsController.swift */; };
		EF7D773C20F4E45700CD07D3 /* TableViewDataSource.swift in Sources */ = {isa = PBXBuildFile; fileRef = EF7D773B20F4E45700CD07D3 /* TableViewDataSource.swift */; };
		EF9B34CE20EE6A1300E37750 /* PodcastViewModel.swift in Sources */ = {isa = PBXBuildFile; fileRef = EF9B34CD20EE6A1300E37750 /* PodcastViewModel.swift */; };
		EFD6D578206BD69F00A77578 /* CMTime+.swift in Sources */ = {isa = PBXBuildFile; fileRef = EFD6D577206BD69F00A77578 /* CMTime+.swift */; };
		EFDFA5DE2085D63C002699B3 /* PlayerDetailsView+Gestures.swift in Sources */ = {isa = PBXBuildFile; fileRef = EFDFA5DD2085D63C002699B3 /* PlayerDetailsView+Gestures.swift */; };
		EFDFA5E02085E6B8002699B3 /* UIApplication.swift in Sources */ = {isa = PBXBuildFile; fileRef = EFDFA5DF2085E6B8002699B3 /* UIApplication.swift */; };
/* End PBXBuildFile section */

/* Begin PBXFileReference section */
		323190877F00A12F48D916AC /* Pods-CopyPodcasts.debug.xcconfig */ = {isa = PBXFileReference; includeInIndex = 1; lastKnownFileType = text.xcconfig; name = "Pods-CopyPodcasts.debug.xcconfig"; path = "Pods/Target Support Files/Pods-CopyPodcasts/Pods-CopyPodcasts.debug.xcconfig"; sourceTree = "<group>"; };
		4512161A6120FABF83DA10BB /* Pods-CopyPodcasts.release.xcconfig */ = {isa = PBXFileReference; includeInIndex = 1; lastKnownFileType = text.xcconfig; name = "Pods-CopyPodcasts.release.xcconfig"; path = "Pods/Target Support Files/Pods-CopyPodcasts/Pods-CopyPodcasts.release.xcconfig"; sourceTree = "<group>"; };
		6233C1310F9BB99FAB8545C8 /* Pods_CopyPodcasts.framework */ = {isa = PBXFileReference; explicitFileType = wrapper.framework; includeInIndex = 0; path = Pods_CopyPodcasts.framework; sourceTree = BUILT_PRODUCTS_DIR; };
		EF52F09420994CF800506E26 /* FavoritesController.swift */ = {isa = PBXFileReference; lastKnownFileType = sourcecode.swift; path = FavoritesController.swift; sourceTree = "<group>"; };
		EF52F096209971B500506E26 /* FavoritePodcastCell.swift */ = {isa = PBXFileReference; lastKnownFileType = sourcecode.swift; path = FavoritePodcastCell.swift; sourceTree = "<group>"; };
		EF52F098209B7EDF00506E26 /* UserDefaults.swift */ = {isa = PBXFileReference; lastKnownFileType = sourcecode.swift; path = UserDefaults.swift; sourceTree = "<group>"; };
		EF52F09A209DF6EC00506E26 /* SnapKit.framework */ = {isa = PBXFileReference; lastKnownFileType = wrapper.framework; name = SnapKit.framework; path = Carthage/Build/iOS/SnapKit.framework; sourceTree = "<group>"; };
		EF52F09B209DF6EC00506E26 /* Then.framework */ = {isa = PBXFileReference; lastKnownFileType = wrapper.framework; name = Then.framework; path = Carthage/Build/iOS/Then.framework; sourceTree = "<group>"; };
		EF52F24C20450B1C00998D0F /* CopyPodcasts.app */ = {isa = PBXFileReference; explicitFileType = wrapper.application; includeInIndex = 0; path = CopyPodcasts.app; sourceTree = BUILT_PRODUCTS_DIR; };
		EF52F24F20450B1C00998D0F /* AppDelegate.swift */ = {isa = PBXFileReference; lastKnownFileType = sourcecode.swift; path = AppDelegate.swift; sourceTree = "<group>"; };
		EF52F25120450B1C00998D0F /* ViewController.swift */ = {isa = PBXFileReference; lastKnownFileType = sourcecode.swift; path = ViewController.swift; sourceTree = "<group>"; };
		EF52F25420450B1C00998D0F /* Base */ = {isa = PBXFileReference; lastKnownFileType = file.storyboard; name = Base; path = Base.lproj/Main.storyboard; sourceTree = "<group>"; };
		EF52F25620450B1C00998D0F /* Assets.xcassets */ = {isa = PBXFileReference; lastKnownFileType = folder.assetcatalog; path = Assets.xcassets; sourceTree = "<group>"; };
		EF52F25920450B1C00998D0F /* Base */ = {isa = PBXFileReference; lastKnownFileType = file.storyboard; name = Base; path = Base.lproj/LaunchScreen.storyboard; sourceTree = "<group>"; };
		EF52F25B20450B1C00998D0F /* Info.plist */ = {isa = PBXFileReference; lastKnownFileType = text.plist.xml; path = Info.plist; sourceTree = "<group>"; };
		EF52F26120450DD200998D0F /* MainTabBarController.swift */ = {isa = PBXFileReference; lastKnownFileType = sourcecode.swift; path = MainTabBarController.swift; sourceTree = "<group>"; };
		EF52F2642045219700998D0F /* PodcastsSearchController.swift */ = {isa = PBXFileReference; lastKnownFileType = sourcecode.swift; path = PodcastsSearchController.swift; sourceTree = "<group>"; };
		EF52F2672045227400998D0F /* Podcast.swift */ = {isa = PBXFileReference; lastKnownFileType = sourcecode.swift; path = Podcast.swift; sourceTree = "<group>"; };
		EF52F26A20452BD700998D0F /* Alamofire.framework */ = {isa = PBXFileReference; lastKnownFileType = wrapper.framework; name = Alamofire.framework; path = Carthage/Build/iOS/Alamofire.framework; sourceTree = "<group>"; };
		EF52F26E204543DD00998D0F /* APIService.swift */ = {isa = PBXFileReference; lastKnownFileType = sourcecode.swift; path = APIService.swift; sourceTree = "<group>"; };
		EF52F27120454A0100998D0F /* PodcastCell.xib */ = {isa = PBXFileReference; lastKnownFileType = file.xib; path = PodcastCell.xib; sourceTree = "<group>"; };
		EF52F27320454E6600998D0F /* PodcastCell.swift */ = {isa = PBXFileReference; lastKnownFileType = sourcecode.swift; path = PodcastCell.swift; sourceTree = "<group>"; };
		EF52F27520455B9C00998D0F /* SDWebImage.framework */ = {isa = PBXFileReference; lastKnownFileType = wrapper.framework; name = SDWebImage.framework; path = Carthage/Build/iOS/SDWebImage.framework; sourceTree = "<group>"; };
		EF52F2AA2053F72500998D0F /* EpisodesController.swift */ = {isa = PBXFileReference; lastKnownFileType = sourcecode.swift; path = EpisodesController.swift; sourceTree = "<group>"; };
		EF52F2AC20541C5100998D0F /* FeedKit.framework */ = {isa = PBXFileReference; lastKnownFileType = wrapper.framework; name = FeedKit.framework; path = Carthage/Build/iOS/FeedKit.framework; sourceTree = "<group>"; };
		EF52F2AE20549D9C00998D0F /* Episode.swift */ = {isa = PBXFileReference; lastKnownFileType = sourcecode.swift; path = Episode.swift; sourceTree = "<group>"; };
		EF52F2B020549E4100998D0F /* EpisodeCell.swift */ = {isa = PBXFileReference; lastKnownFileType = sourcecode.swift; path = EpisodeCell.swift; sourceTree = "<group>"; };
		EF52F2B120549E4100998D0F /* EpisodeCell.xib */ = {isa = PBXFileReference; lastKnownFileType = file.xib; path = EpisodeCell.xib; sourceTree = "<group>"; };
		EF52F2B52054C0F300998D0F /* String+.swift */ = {isa = PBXFileReference; lastKnownFileType = sourcecode.swift; path = "String+.swift"; sourceTree = "<group>"; };
		EF52F2B72054C24600998D0F /* RSSFeed+.swift */ = {isa = PBXFileReference; lastKnownFileType = sourcecode.swift; path = "RSSFeed+.swift"; sourceTree = "<group>"; };
		EF75A6AF205A8EF100C8ED87 /* PlayerDetailView.xib */ = {isa = PBXFileReference; lastKnownFileType = file.xib; path = PlayerDetailView.xib; sourceTree = "<group>"; };
		EF75A6B1205A911700C8ED87 /* PlayerDetailView.swift */ = {isa = PBXFileReference; lastKnownFileType = sourcecode.swift; path = PlayerDetailView.swift; sourceTree = "<group>"; };
		EF7972AA20A03472005F3C5C /* DownloadsController.swift */ = {isa = PBXFileReference; lastKnownFileType = sourcecode.swift; path = DownloadsController.swift; sourceTree = "<group>"; };
		EF7D773B20F4E45700CD07D3 /* TableViewDataSource.swift */ = {isa = PBXFileReference; fileEncoding = 4; lastKnownFileType = sourcecode.swift; path = TableViewDataSource.swift; sourceTree = "<group>"; };
		EF9B34CD20EE6A1300E37750 /* PodcastViewModel.swift */ = {isa = PBXFileReference; lastKnownFileType = sourcecode.swift; path = PodcastViewModel.swift; sourceTree = "<group>"; };
		EFD6D577206BD69F00A77578 /* CMTime+.swift */ = {isa = PBXFileReference; lastKnownFileType = sourcecode.swift; path = "CMTime+.swift"; sourceTree = "<group>"; };
		EFDFA5DD2085D63C002699B3 /* PlayerDetailsView+Gestures.swift */ = {isa = PBXFileReference; lastKnownFileType = sourcecode.swift; path = "PlayerDetailsView+Gestures.swift"; sourceTree = "<group>"; };
		EFDFA5DF2085E6B8002699B3 /* UIApplication.swift */ = {isa = PBXFileReference; lastKnownFileType = sourcecode.swift; path = UIApplication.swift; sourceTree = "<group>"; };
/* End PBXFileReference section */

/* Begin PBXFrameworksBuildPhase section */
		EF52F24920450B1C00998D0F /* Frameworks */ = {
			isa = PBXFrameworksBuildPhase;
			buildActionMask = 2147483647;
			files = (
				91ABD6CA0A73E70B6FF22849 /* Pods_CopyPodcasts.framework in Frameworks */,
			);
			runOnlyForDeploymentPostprocessing = 0;
		};
/* End PBXFrameworksBuildPhase section */

/* Begin PBXGroup section */
		43F3F3ECB1A3BE11426A3901 /* Pods */ = {
			isa = PBXGroup;
			children = (
				323190877F00A12F48D916AC /* Pods-CopyPodcasts.debug.xcconfig */,
				4512161A6120FABF83DA10BB /* Pods-CopyPodcasts.release.xcconfig */,
			);
			name = Pods;
			sourceTree = "<group>";
		};
		E67E997F244AC31A00953DAE /* PodCastsSearch */ = {
			isa = PBXGroup;
			children = (
				EF52F2642045219700998D0F /* PodcastsSearchController.swift */,
			);
			path = PodCastsSearch;
			sourceTree = "<group>";
		};
		EF52F24320450B1C00998D0F = {
			isa = PBXGroup;
			children = (
				EF52F24E20450B1C00998D0F /* CopyPodcasts */,
				EF52F24D20450B1C00998D0F /* Products */,
				EF52F26920452BD700998D0F /* Frameworks */,
				43F3F3ECB1A3BE11426A3901 /* Pods */,
			);
			sourceTree = "<group>";
		};
		EF52F24D20450B1C00998D0F /* Products */ = {
			isa = PBXGroup;
			children = (
				EF52F24C20450B1C00998D0F /* CopyPodcasts.app */,
			);
			name = Products;
			sourceTree = "<group>";
		};
		EF52F24E20450B1C00998D0F /* CopyPodcasts */ = {
			isa = PBXGroup;
			children = (
				E67E997F244AC31A00953DAE /* PodCastsSearch */,
				EF7D773A20F4E44A00CD07D3 /* Data Sources */,
				EF9B34CC20EE6A0200E37750 /* ViewModel */,
				EF52F2B42054C0E700998D0F /* Extensions */,
				EF52F270204549E900998D0F /* Views */,
				EF52F26D204543CB00998D0F /* API */,
				EF52F2662045226200998D0F /* Models */,
				EF52F2632045218000998D0F /* Controllers */,
				EF52F24F20450B1C00998D0F /* AppDelegate.swift */,
				EF52F25120450B1C00998D0F /* ViewController.swift */,
				EF52F25320450B1C00998D0F /* Main.storyboard */,
				EF52F25620450B1C00998D0F /* Assets.xcassets */,
				EF52F25820450B1C00998D0F /* LaunchScreen.storyboard */,
				EF52F25B20450B1C00998D0F /* Info.plist */,
				EF52F26120450DD200998D0F /* MainTabBarController.swift */,
			);
			path = CopyPodcasts;
			sourceTree = "<group>";
		};
		EF52F2632045218000998D0F /* Controllers */ = {
			isa = PBXGroup;
			children = (
				EF52F2AA2053F72500998D0F /* EpisodesController.swift */,
				EF52F09420994CF800506E26 /* FavoritesController.swift */,
				EF7972AA20A03472005F3C5C /* DownloadsController.swift */,
			);
			path = Controllers;
			sourceTree = "<group>";
		};
		EF52F2662045226200998D0F /* Models */ = {
			isa = PBXGroup;
			children = (
				EF52F2672045227400998D0F /* Podcast.swift */,
				EF52F2AE20549D9C00998D0F /* Episode.swift */,
			);
			path = Models;
			sourceTree = "<group>";
		};
		EF52F26920452BD700998D0F /* Frameworks */ = {
			isa = PBXGroup;
			children = (
				EF52F09A209DF6EC00506E26 /* SnapKit.framework */,
				EF52F09B209DF6EC00506E26 /* Then.framework */,
				EF52F2AC20541C5100998D0F /* FeedKit.framework */,
				EF52F27520455B9C00998D0F /* SDWebImage.framework */,
				EF52F26A20452BD700998D0F /* Alamofire.framework */,
				6233C1310F9BB99FAB8545C8 /* Pods_CopyPodcasts.framework */,
			);
			name = Frameworks;
			sourceTree = "<group>";
		};
		EF52F26D204543CB00998D0F /* API */ = {
			isa = PBXGroup;
			children = (
				EF52F26E204543DD00998D0F /* APIService.swift */,
			);
			path = API;
			sourceTree = "<group>";
		};
		EF52F270204549E900998D0F /* Views */ = {
			isa = PBXGroup;
			children = (
				EF52F27120454A0100998D0F /* PodcastCell.xib */,
				EF52F27320454E6600998D0F /* PodcastCell.swift */,
				EF52F2B020549E4100998D0F /* EpisodeCell.swift */,
				EF52F2B120549E4100998D0F /* EpisodeCell.xib */,
				EF75A6AF205A8EF100C8ED87 /* PlayerDetailView.xib */,
				EF75A6B1205A911700C8ED87 /* PlayerDetailView.swift */,
				EFDFA5DD2085D63C002699B3 /* PlayerDetailsView+Gestures.swift */,
				EF52F096209971B500506E26 /* FavoritePodcastCell.swift */,
			);
			path = Views;
			sourceTree = "<group>";
		};
		EF52F2B42054C0E700998D0F /* Extensions */ = {
			isa = PBXGroup;
			children = (
				EF52F2B52054C0F300998D0F /* String+.swift */,
				EFDFA5DF2085E6B8002699B3 /* UIApplication.swift */,
				EFD6D577206BD69F00A77578 /* CMTime+.swift */,
				EF52F2B72054C24600998D0F /* RSSFeed+.swift */,
				EF52F098209B7EDF00506E26 /* UserDefaults.swift */,
			);
			path = Extensions;
			sourceTree = "<group>";
		};
		EF7D773A20F4E44A00CD07D3 /* Data Sources */ = {
			isa = PBXGroup;
			children = (
				EF7D773B20F4E45700CD07D3 /* TableViewDataSource.swift */,
			);
			path = "Data Sources";
			sourceTree = "<group>";
		};
		EF9B34CC20EE6A0200E37750 /* ViewModel */ = {
			isa = PBXGroup;
			children = (
				EF9B34CD20EE6A1300E37750 /* PodcastViewModel.swift */,
			);
			path = ViewModel;
			sourceTree = "<group>";
		};
/* End PBXGroup section */

/* Begin PBXNativeTarget section */
		EF52F24B20450B1C00998D0F /* CopyPodcasts */ = {
			isa = PBXNativeTarget;
			buildConfigurationList = EF52F25E20450B1C00998D0F /* Build configuration list for PBXNativeTarget "CopyPodcasts" */;
			buildPhases = (
				7E735714D373A9BB1F0BB0BE /* [CP] Check Pods Manifest.lock */,
				EF52F24820450B1C00998D0F /* Sources */,
				EF52F24920450B1C00998D0F /* Frameworks */,
				EF52F24A20450B1C00998D0F /* Resources */,
				D29F2C7B7A7986FC6AF13C8E /* [CP] Embed Pods Frameworks */,
			);
			buildRules = (
			);
			dependencies = (
			);
			name = CopyPodcasts;
			productName = CopyPodcasts;
			productReference = EF52F24C20450B1C00998D0F /* CopyPodcasts.app */;
			productType = "com.apple.product-type.application";
		};
/* End PBXNativeTarget section */

/* Begin PBXProject section */
		EF52F24420450B1C00998D0F /* Project object */ = {
			isa = PBXProject;
			attributes = {
				LastSwiftUpdateCheck = 0920;
				LastUpgradeCheck = 0930;
				ORGANIZATIONNAME = krgoodnews;
				TargetAttributes = {
					EF52F24B20450B1C00998D0F = {
						CreatedOnToolsVersion = 9.2;
						LastSwiftMigration = 1140;
						ProvisioningStyle = Automatic;
						SystemCapabilities = {
							com.apple.BackgroundModes = {
								enabled = 1;
							};
						};
					};
				};
			};
			buildConfigurationList = EF52F24720450B1C00998D0F /* Build configuration list for PBXProject "CopyPodcasts" */;
			compatibilityVersion = "Xcode 8.0";
			developmentRegion = en;
			hasScannedForEncodings = 0;
			knownRegions = (
				en,
				Base,
			);
			mainGroup = EF52F24320450B1C00998D0F;
			productRefGroup = EF52F24D20450B1C00998D0F /* Products */;
			projectDirPath = "";
			projectRoot = "";
			targets = (
				EF52F24B20450B1C00998D0F /* CopyPodcasts */,
			);
		};
/* End PBXProject section */

/* Begin PBXResourcesBuildPhase section */
		EF52F24A20450B1C00998D0F /* Resources */ = {
			isa = PBXResourcesBuildPhase;
			buildActionMask = 2147483647;
			files = (
				EF75A6B0205A8EF100C8ED87 /* PlayerDetailView.xib in Resources */,
				EF52F25A20450B1C00998D0F /* LaunchScreen.storyboard in Resources */,
				EF52F25720450B1C00998D0F /* Assets.xcassets in Resources */,
				EF52F2B320549E4100998D0F /* EpisodeCell.xib in Resources */,
				EF52F27220454A0100998D0F /* PodcastCell.xib in Resources */,
				EF52F25520450B1C00998D0F /* Main.storyboard in Resources */,
			);
			runOnlyForDeploymentPostprocessing = 0;
		};
/* End PBXResourcesBuildPhase section */

/* Begin PBXShellScriptBuildPhase section */
		7E735714D373A9BB1F0BB0BE /* [CP] Check Pods Manifest.lock */ = {
			isa = PBXShellScriptBuildPhase;
			buildActionMask = 2147483647;
			files = (
			);
			inputPaths = (
				"${PODS_PODFILE_DIR_PATH}/Podfile.lock",
				"${PODS_ROOT}/Manifest.lock",
			);
			name = "[CP] Check Pods Manifest.lock";
			outputPaths = (
				"$(DERIVED_FILE_DIR)/Pods-CopyPodcasts-checkManifestLockResult.txt",
			);
			runOnlyForDeploymentPostprocessing = 0;
			shellPath = /bin/sh;
			shellScript = "diff \"${PODS_PODFILE_DIR_PATH}/Podfile.lock\" \"${PODS_ROOT}/Manifest.lock\" > /dev/null\nif [ $? != 0 ] ; then\n    # print error to STDERR\n    echo \"error: The sandbox is not in sync with the Podfile.lock. Run 'pod install' or update your CocoaPods installation.\" >&2\n    exit 1\nfi\n# This output is used by Xcode 'outputs' to avoid re-running this script phase.\necho \"SUCCESS\" > \"${SCRIPT_OUTPUT_FILE_0}\"\n";
			showEnvVarsInLog = 0;
		};
		D29F2C7B7A7986FC6AF13C8E /* [CP] Embed Pods Frameworks */ = {
			isa = PBXShellScriptBuildPhase;
			buildActionMask = 2147483647;
			files = (
			);
			inputPaths = (
				"${PODS_ROOT}/Target Support Files/Pods-CopyPodcasts/Pods-CopyPodcasts-frameworks.sh",
				"${BUILT_PRODUCTS_DIR}/Alamofire/Alamofire.framework",
				"${BUILT_PRODUCTS_DIR}/FeedKit/FeedKit.framework",
				"${BUILT_PRODUCTS_DIR}/RxCocoa/RxCocoa.framework",
				"${BUILT_PRODUCTS_DIR}/RxRelay/RxRelay.framework",
				"${BUILT_PRODUCTS_DIR}/RxSwift/RxSwift.framework",
				"${BUILT_PRODUCTS_DIR}/SDWebImage/SDWebImage.framework",
				"${BUILT_PRODUCTS_DIR}/SnapKit/SnapKit.framework",
				"${BUILT_PRODUCTS_DIR}/Then/Then.framework",
			);
			name = "[CP] Embed Pods Frameworks";
			outputPaths = (
				"${TARGET_BUILD_DIR}/${FRAMEWORKS_FOLDER_PATH}/Alamofire.framework",
				"${TARGET_BUILD_DIR}/${FRAMEWORKS_FOLDER_PATH}/FeedKit.framework",
				"${TARGET_BUILD_DIR}/${FRAMEWORKS_FOLDER_PATH}/RxCocoa.framework",
				"${TARGET_BUILD_DIR}/${FRAMEWORKS_FOLDER_PATH}/RxRelay.framework",
				"${TARGET_BUILD_DIR}/${FRAMEWORKS_FOLDER_PATH}/RxSwift.framework",
				"${TARGET_BUILD_DIR}/${FRAMEWORKS_FOLDER_PATH}/SDWebImage.framework",
				"${TARGET_BUILD_DIR}/${FRAMEWORKS_FOLDER_PATH}/SnapKit.framework",
				"${TARGET_BUILD_DIR}/${FRAMEWORKS_FOLDER_PATH}/Then.framework",
			);
			runOnlyForDeploymentPostprocessing = 0;
			shellPath = /bin/sh;
			shellScript = "\"${PODS_ROOT}/Target Support Files/Pods-CopyPodcasts/Pods-CopyPodcasts-frameworks.sh\"\n";
			showEnvVarsInLog = 0;
		};
/* End PBXShellScriptBuildPhase section */

/* Begin PBXSourcesBuildPhase section */
		EF52F24820450B1C00998D0F /* Sources */ = {
			isa = PBXSourcesBuildPhase;
			buildActionMask = 2147483647;
			files = (
				EF52F097209971B500506E26 /* FavoritePodcastCell.swift in Sources */,
				EFDFA5E02085E6B8002699B3 /* UIApplication.swift in Sources */,
				EF52F2B82054C24600998D0F /* RSSFeed+.swift in Sources */,
				EF52F2652045219700998D0F /* PodcastsSearchController.swift in Sources */,
				EF52F09520994CF800506E26 /* FavoritesController.swift in Sources */,
				EF75A6B2205A911700C8ED87 /* PlayerDetailView.swift in Sources */,
				EF52F25220450B1C00998D0F /* ViewController.swift in Sources */,
				EF52F25020450B1C00998D0F /* AppDelegate.swift in Sources */,
				EF52F2AB2053F72500998D0F /* EpisodesController.swift in Sources */,
				EF52F26220450DD200998D0F /* MainTabBarController.swift in Sources */,
				EFDFA5DE2085D63C002699B3 /* PlayerDetailsView+Gestures.swift in Sources */,
				EF52F2B220549E4100998D0F /* EpisodeCell.swift in Sources */,
				EF7D773C20F4E45700CD07D3 /* TableViewDataSource.swift in Sources */,
				EF52F26F204543DD00998D0F /* APIService.swift in Sources */,
				EF9B34CE20EE6A1300E37750 /* PodcastViewModel.swift in Sources */,
				EF52F099209B7EDF00506E26 /* UserDefaults.swift in Sources */,
				EF52F2B62054C0F300998D0F /* String+.swift in Sources */,
				EF7972AB20A03472005F3C5C /* DownloadsController.swift in Sources */,
				EF52F2682045227400998D0F /* Podcast.swift in Sources */,
				EF52F2AF20549D9C00998D0F /* Episode.swift in Sources */,
				EFD6D578206BD69F00A77578 /* CMTime+.swift in Sources */,
				EF52F27420454E6600998D0F /* PodcastCell.swift in Sources */,
			);
			runOnlyForDeploymentPostprocessing = 0;
		};
/* End PBXSourcesBuildPhase section */

/* Begin PBXVariantGroup section */
		EF52F25320450B1C00998D0F /* Main.storyboard */ = {
			isa = PBXVariantGroup;
			children = (
				EF52F25420450B1C00998D0F /* Base */,
			);
			name = Main.storyboard;
			sourceTree = "<group>";
		};
		EF52F25820450B1C00998D0F /* LaunchScreen.storyboard */ = {
			isa = PBXVariantGroup;
			children = (
				EF52F25920450B1C00998D0F /* Base */,
			);
			name = LaunchScreen.storyboard;
			sourceTree = "<group>";
		};
/* End PBXVariantGroup section */

/* Begin XCBuildConfiguration section */
		EF52F25C20450B1C00998D0F /* Debug */ = {
			isa = XCBuildConfiguration;
			buildSettings = {
				ALWAYS_SEARCH_USER_PATHS = NO;
				CLANG_ANALYZER_NONNULL = YES;
				CLANG_ANALYZER_NUMBER_OBJECT_CONVERSION = YES_AGGRESSIVE;
				CLANG_CXX_LANGUAGE_STANDARD = "gnu++14";
				CLANG_CXX_LIBRARY = "libc++";
				CLANG_ENABLE_MODULES = YES;
				CLANG_ENABLE_OBJC_ARC = YES;
				CLANG_WARN_BLOCK_CAPTURE_AUTORELEASING = YES;
				CLANG_WARN_BOOL_CONVERSION = YES;
				CLANG_WARN_COMMA = YES;
				CLANG_WARN_CONSTANT_CONVERSION = YES;
				CLANG_WARN_DEPRECATED_OBJC_IMPLEMENTATIONS = YES;
				CLANG_WARN_DIRECT_OBJC_ISA_USAGE = YES_ERROR;
				CLANG_WARN_DOCUMENTATION_COMMENTS = YES;
				CLANG_WARN_EMPTY_BODY = YES;
				CLANG_WARN_ENUM_CONVERSION = YES;
				CLANG_WARN_INFINITE_RECURSION = YES;
				CLANG_WARN_INT_CONVERSION = YES;
				CLANG_WARN_NON_LITERAL_NULL_CONVERSION = YES;
				CLANG_WARN_OBJC_IMPLICIT_RETAIN_SELF = YES;
				CLANG_WARN_OBJC_LITERAL_CONVERSION = YES;
				CLANG_WARN_OBJC_ROOT_CLASS = YES_ERROR;
				CLANG_WARN_RANGE_LOOP_ANALYSIS = YES;
				CLANG_WARN_STRICT_PROTOTYPES = YES;
				CLANG_WARN_SUSPICIOUS_MOVE = YES;
				CLANG_WARN_UNGUARDED_AVAILABILITY = YES_AGGRESSIVE;
				CLANG_WARN_UNREACHABLE_CODE = YES;
				CLANG_WARN__DUPLICATE_METHOD_MATCH = YES;
				CODE_SIGN_IDENTITY = "iPhone Developer";
				COPY_PHASE_STRIP = NO;
				DEBUG_INFORMATION_FORMAT = dwarf;
				ENABLE_STRICT_OBJC_MSGSEND = YES;
				ENABLE_TESTABILITY = YES;
				GCC_C_LANGUAGE_STANDARD = gnu11;
				GCC_DYNAMIC_NO_PIC = NO;
				GCC_NO_COMMON_BLOCKS = YES;
				GCC_OPTIMIZATION_LEVEL = 0;
				GCC_PREPROCESSOR_DEFINITIONS = (
					"DEBUG=1",
					"$(inherited)",
				);
				GCC_WARN_64_TO_32_BIT_CONVERSION = YES;
				GCC_WARN_ABOUT_RETURN_TYPE = YES_ERROR;
				GCC_WARN_UNDECLARED_SELECTOR = YES;
				GCC_WARN_UNINITIALIZED_AUTOS = YES_AGGRESSIVE;
				GCC_WARN_UNUSED_FUNCTION = YES;
				GCC_WARN_UNUSED_VARIABLE = YES;
				IPHONEOS_DEPLOYMENT_TARGET = 11.0;
				MTL_ENABLE_DEBUG_INFO = YES;
				ONLY_ACTIVE_ARCH = YES;
				SDKROOT = iphoneos;
				SWIFT_ACTIVE_COMPILATION_CONDITIONS = DEBUG;
				SWIFT_OPTIMIZATION_LEVEL = "-Onone";
				SWIFT_VERSION = 4.0;
			};
			name = Debug;
		};
		EF52F25D20450B1C00998D0F /* Release */ = {
			isa = XCBuildConfiguration;
			buildSettings = {
				ALWAYS_SEARCH_USER_PATHS = NO;
				CLANG_ANALYZER_NONNULL = YES;
				CLANG_ANALYZER_NUMBER_OBJECT_CONVERSION = YES_AGGRESSIVE;
				CLANG_CXX_LANGUAGE_STANDARD = "gnu++14";
				CLANG_CXX_LIBRARY = "libc++";
				CLANG_ENABLE_MODULES = YES;
				CLANG_ENABLE_OBJC_ARC = YES;
				CLANG_WARN_BLOCK_CAPTURE_AUTORELEASING = YES;
				CLANG_WARN_BOOL_CONVERSION = YES;
				CLANG_WARN_COMMA = YES;
				CLANG_WARN_CONSTANT_CONVERSION = YES;
				CLANG_WARN_DEPRECATED_OBJC_IMPLEMENTATIONS = YES;
				CLANG_WARN_DIRECT_OBJC_ISA_USAGE = YES_ERROR;
				CLANG_WARN_DOCUMENTATION_COMMENTS = YES;
				CLANG_WARN_EMPTY_BODY = YES;
				CLANG_WARN_ENUM_CONVERSION = YES;
				CLANG_WARN_INFINITE_RECURSION = YES;
				CLANG_WARN_INT_CONVERSION = YES;
				CLANG_WARN_NON_LITERAL_NULL_CONVERSION = YES;
				CLANG_WARN_OBJC_IMPLICIT_RETAIN_SELF = YES;
				CLANG_WARN_OBJC_LITERAL_CONVERSION = YES;
				CLANG_WARN_OBJC_ROOT_CLASS = YES_ERROR;
				CLANG_WARN_RANGE_LOOP_ANALYSIS = YES;
				CLANG_WARN_STRICT_PROTOTYPES = YES;
				CLANG_WARN_SUSPICIOUS_MOVE = YES;
				CLANG_WARN_UNGUARDED_AVAILABILITY = YES_AGGRESSIVE;
				CLANG_WARN_UNREACHABLE_CODE = YES;
				CLANG_WARN__DUPLICATE_METHOD_MATCH = YES;
				CODE_SIGN_IDENTITY = "iPhone Developer";
				COPY_PHASE_STRIP = NO;
				DEBUG_INFORMATION_FORMAT = "dwarf-with-dsym";
				ENABLE_NS_ASSERTIONS = NO;
				ENABLE_STRICT_OBJC_MSGSEND = YES;
				GCC_C_LANGUAGE_STANDARD = gnu11;
				GCC_NO_COMMON_BLOCKS = YES;
				GCC_WARN_64_TO_32_BIT_CONVERSION = YES;
				GCC_WARN_ABOUT_RETURN_TYPE = YES_ERROR;
				GCC_WARN_UNDECLARED_SELECTOR = YES;
				GCC_WARN_UNINITIALIZED_AUTOS = YES_AGGRESSIVE;
				GCC_WARN_UNUSED_FUNCTION = YES;
				GCC_WARN_UNUSED_VARIABLE = YES;
				IPHONEOS_DEPLOYMENT_TARGET = 11.0;
				MTL_ENABLE_DEBUG_INFO = NO;
				SDKROOT = iphoneos;
				SWIFT_OPTIMIZATION_LEVEL = "-Owholemodule";
				SWIFT_VERSION = 4.0;
				VALIDATE_PRODUCT = YES;
			};
			name = Release;
		};
		EF52F25F20450B1C00998D0F /* Debug */ = {
			isa = XCBuildConfiguration;
			baseConfigurationReference = 323190877F00A12F48D916AC /* Pods-CopyPodcasts.debug.xcconfig */;
			buildSettings = {
				ASSETCATALOG_COMPILER_APPICON_NAME = AppIcon;
				CODE_SIGN_STYLE = Automatic;
				DEVELOPMENT_TEAM = 827YX997NH;
				FRAMEWORK_SEARCH_PATHS = (
					"$(inherited)",
					"$(PROJECT_DIR)/Carthage/Build/iOS",
				);
				INFOPLIST_FILE = CopyPodcasts/Info.plist;
				IPHONEOS_DEPLOYMENT_TARGET = 11.0;
				LD_RUNPATH_SEARCH_PATHS = "$(inherited) @executable_path/Frameworks";
				PRODUCT_BUNDLE_IDENTIFIER = com.krgoodnews.CopyPodcasts;
				PRODUCT_NAME = "$(TARGET_NAME)";
				SWIFT_VERSION = 5.0;
				TARGETED_DEVICE_FAMILY = "1,2";
			};
			name = Debug;
		};
		EF52F26020450B1C00998D0F /* Release */ = {
			isa = XCBuildConfiguration;
			baseConfigurationReference = 4512161A6120FABF83DA10BB /* Pods-CopyPodcasts.release.xcconfig */;
			buildSettings = {
				ASSETCATALOG_COMPILER_APPICON_NAME = AppIcon;
				CODE_SIGN_STYLE = Automatic;
				DEVELOPMENT_TEAM = 827YX997NH;
				FRAMEWORK_SEARCH_PATHS = (
					"$(inherited)",
					"$(PROJECT_DIR)/Carthage/Build/iOS",
				);
				INFOPLIST_FILE = CopyPodcasts/Info.plist;
				IPHONEOS_DEPLOYMENT_TARGET = 11.0;
				LD_RUNPATH_SEARCH_PATHS = "$(inherited) @executable_path/Frameworks";
				PRODUCT_BUNDLE_IDENTIFIER = com.krgoodnews.CopyPodcasts;
				PRODUCT_NAME = "$(TARGET_NAME)";
				SWIFT_VERSION = 5.0;
				TARGETED_DEVICE_FAMILY = "1,2";
			};
			name = Release;
		};
/* End XCBuildConfiguration section */

/* Begin XCConfigurationList section */
		EF52F24720450B1C00998D0F /* Build configuration list for PBXProject "CopyPodcasts" */ = {
			isa = XCConfigurationList;
			buildConfigurations = (
				EF52F25C20450B1C00998D0F /* Debug */,
				EF52F25D20450B1C00998D0F /* Release */,
			);
			defaultConfigurationIsVisible = 0;
			defaultConfigurationName = Release;
		};
		EF52F25E20450B1C00998D0F /* Build configuration list for PBXNativeTarget "CopyPodcasts" */ = {
			isa = XCConfigurationList;
			buildConfigurations = (
				EF52F25F20450B1C00998D0F /* Debug */,
				EF52F26020450B1C00998D0F /* Release */,
			);
			defaultConfigurationIsVisible = 0;
			defaultConfigurationName = Release;
		};
/* End XCConfigurationList section */
	};
	rootObject = EF52F24420450B1C00998D0F /* Project object */;
}
